{
  "object": {
    "pins": [
      {
        "package": "IQKeyboardManagerSwift",
        "repositoryURL": "https://github.com/hackiftekhar/IQKeyboardManager.git",
        "state": {
          "branch": null,
          "revision": "474f849accae40fe61b5302d9b057dd48ee073ba",
          "version": "6.5.9"
        }
      },
      {
        "package": "SDWebImage",
        "repositoryURL": "https://github.com/SDWebImage/SDWebImage.git",
        "state": {
          "branch": null,
          "revision": "2c8ed9a2f3ad537dbe9e58e2ec18be361da112aa",
          "version": "5.9.5"
        }
      },
      {
        "package": "SVProgressHUD",
        "repositoryURL": "https://github.com/littleigloo/SVProgressHUD.git",
        "state": {
          "branch": null,
          "revision": "3580cb55f351d83f861f52362aa38305f663f88d",
          "version": "1.0.0"
        }
      }
    ]
  },
  "version": 1
}
